github.com/go-webgpu/goffi v0.5.0 h1:EuvVRiRn9qAfCkYYXbHs9gz8NY+zv2/OA1N7gi56UVE=
github.com/go-webgpu/goffi v0.5.0/go.mod h1:wfoxNsJkU+5RFbV1kNN1kunhc1lFHuJKK3zpgx08/uM=
github.com/go-webgpu/webgpu v0.4.3 h1:dIBf7WgO/7VL2Cj7IFcq151rWqvSknsFe6k/+ZEEXEE=
github.com/go-webgpu/webgpu v0.4.3/go.mod h1:HNIBiaMJNdPeQd6hmHdQsXg4t4R99xVQybnoDGOShe0=
github.com/gogpu/gogpu v0.26.3 h1:ZS940Aqk5R2ne8wTAQ6C0Fv5tG8Sbwlj9o9f80IFBZ4=
github.com/gogpu/gogpu v0.26.3/go.mod h1:lDChqAtXl9GFIdOd0iBRnoz5DS3BweeUOa81npFu25E=
github.com/gogpu/gpucontext v0.11.0 h1:dm+u3+Sl0Xgh7iZiRRUb36GDpSi8RpNk8n3NPmd5sGw=
github.com/gogpu/gpucontext v0.11.0/go.mod h1:d+6V6OVk81cFRpsJcl+9Qnd8qCDLTQGelMVMEzjPTUg=
github.com/gogpu/gputypes v0.4.0 h1:nPFn77na71K4gkyObbXgpYywy9lIKz/U1x/2+4EAZ3Y=
github.com/gogpu/gputypes v0.4.0/go.mod h1:cnXrDMwTpWTvJLW1Vreop3PcT6a2YP/i3s91rPaOavw=
github.com/gogpu/naga v0.17.0 h1:lr3oQbcxNzu7dEv34+VXKFEVth4RzSkx+KF2pvJHtVM=
github.com/gogpu/naga v0.17.0/go.mod h1:15sQaHKkbqXcwTN+hHYGLsA0WBBnkmYzne/eF5p5WEg=
github.com/gogpu/wgpu v0.24.2 h1:UwNqWybGnGS9NmoZFAILaqxj2NvsxiX5sKQUTVRvjCw=
github.com/gogpu/wgpu v0.24.2/go.mod h1:zsbHE/F2qAAYdFGWs0YtdvLfw+/Pk6Yw52hPKT/9SPk=
golang.org/x/sys v0.42.0 h1:omrd2nAlyT5ESRdCLYdm3+fMfNFE/+Rf4bDIQImRJeo=
golang.org/x/sys v0.42.0/go.mod h1:4GL1E5IUh+htKOUEOaiffhrAeqysfVGipDYzABqnCmw=
